
Microsoft Visual Studio Solution File, Format Version 12.00
Project("{FAE04EC0-301F-11D3-BF4B-00C04F79EFBC}") = "WebApplication1", "WebApplication1\WebApplication1.csproj", "{D1ADA852-9710-4068-8BF9-05AF3B4469C5}"
EndProject
Project("{FAE04EC0-301F-11D3-BF4B-00C04F79EFBC}") = "CoreDomain", "CoreDomain\CoreDomain.csproj", "{911B9B34-D286-4CB2-B257-D6E9978A9A64}"
EndProject
Global
	GlobalSection(SolutionConfigurationPlatforms) = preSolution
		Debug|Any CPU = Debug|Any CPU
		Release|Any CPU = Release|Any CPU
	EndGlobalSection
	GlobalSection(ProjectConfigurationPlatforms) = postSolution
		{D1ADA852-9710-4068-8BF9-05AF3B4469C5}.Debug|Any CPU.ActiveCfg = Debug|Any CPU
		{D1ADA852-9710-4068-8BF9-05AF3B4469C5}.Debug|Any CPU.Build.0 = Debug|Any CPU
		{D1ADA852-9710-4068-8BF9-05AF3B4469C5}.Release|Any CPU.ActiveCfg = Release|Any CPU
		{D1ADA852-9710-4068-8BF9-05AF3B4469C5}.Release|Any CPU.Build.0 = Release|Any CPU
		{911B9B34-D286-4CB2-B257-D6E9978A9A64}.Debug|Any CPU.ActiveCfg = Debug|Any CPU
		{911B9B34-D286-4CB2-B257-D6E9978A9A64}.Debug|Any CPU.Build.0 = Debug|Any CPU
		{911B9B34-D286-4CB2-B257-D6E9978A9A64}.Release|Any CPU.ActiveCfg = Release|Any CPU
		{911B9B34-D286-4CB2-B257-D6E9978A9A64}.Release|Any CPU.Build.0 = Release|Any CPU
	EndGlobalSection
EndGlobal
